// !$*UTF8*$!
{
	archiveVersion = 1;
	classes = {
	};
	objectVersion = 77;
	objects = {

/* Begin PBXContainerItemProxy section */
		28C9C1AB2E0240C100E88144 /* PBXContainerItemProxy */ = {
			isa = PBXContainerItemProxy;
			containerPortal = 28C9C1952E0240BF00E88144 /* Project object */;
			proxyType = 1;
			remoteGlobalIDString = 28C9C19C2E0240BF00E88144;
			remoteInfo = SimpleToDo;
		};
		28C9C1B52E0240C100E88144 /* PBXContainerItemProxy */ = {
			isa = PBXContainerItemProxy;
			containerPortal = 28C9C1952E0240BF00E88144 /* Project object */;
			proxyType = 1;
			remoteGlobalIDString = 28C9C19C2E0240BF00E88144;
			remoteInfo = SimpleToDo;
		};
/* End PBXContainerItemProxy section */

/* Begin PBXFileReference section */
		28C9C19D2E0240BF00E88144 /* SimpleToDo.app */ = {isa = PBXFileReference; explicitFileType = wrapper.application; includeInIndex = 0; path = SimpleToDo.app; sourceTree = BUILT_PRODUCTS_DIR; };
		28C9C1AA2E0240C100E88144 /* SimpleToDoTests.xctest */ = {isa = PBXFileReference; explicitFileType = wrapper.cfbundle; includeInIndex = 0; path = SimpleToDoTests.xctest; sourceTree = BUILT_PRODUCTS_DIR; };
		28C9C1B42E0240C100E88144 /* SimpleToDoUITests.xctest */ = {isa = PBXFileReference; explicitFileType = wrapper.cfbundle; includeInIndex = 0; path = SimpleToDoUITests.xctest; sourceTree = BUILT_PRODUCTS_DIR; };
/* End PBXFileReference section */

/* Begin PBXFileSystemSynchronizedRootGroup section */
		28C9C19F2E0240BF00E88144 /* SimpleToDo */ = {
			isa = PBXFileSystemSynchronizedRootGroup;
			path = SimpleToDo;
			sourceTree = "<group>";
		};
		28C9C1AD2E0240C100E88144 /* SimpleToDoTests */ = {
			isa = PBXFileSystemSynchronizedRootGroup;
			path = SimpleToDoTests;
			sourceTree = "<group>";
		};
		28C9C1B72E0240C100E88144 /* SimpleToDoUITests */ = {
			isa = PBXFileSystemSynchronizedRootGroup;
			path = SimpleToDoUITests;
			sourceTree = "<group>";
		};
/* End PBXFileSystemSynchronizedRootGroup section */

/* Begin PBXFrameworksBuildPhase section */
		28C9C19A2E0240BF00E88144 /* Frameworks */ = {
			isa = PBXFrameworksBuildPhase;
			buildActionMask = 2147483647;
			files = (
			);
			runOnlyForDeploymentPostprocessing = 0;
		};
		28C9C1A72E0240C100E88144 /* Frameworks */ = {
			isa = PBXFrameworksBuildPhase;
			buildActionMask = 2147483647;
			files = (
			);
			runOnlyForDeploymentPostprocessing = 0;
		};
		28C9C1B12E0240C100E88144 /* Frameworks */ = {
			isa = PBXFrameworksBuildPhase;
			buildActionMask = 2147483647;
			files = (
			);
			runOnlyForDeploymentPostprocessing = 0;
		};
/* End PBXFrameworksBuildPhase section */

/* Begin PBXGroup section */
		28C9C1942E0240BF00E88144 = {
			isa = PBXGroup;
			children = (
				28C9C19F2E0240BF00E88144 /* SimpleToDo */,
				28C9C1C72E0240E700E88144 /* New Group */,
				28C9C1AD2E0240C100E88144 /* SimpleToDoTests */,
				28C9C1B72E0240C100E88144 /* SimpleToDoUITests */,
				28C9C19E2E0240BF00E88144 /* Products */,
			);
			sourceTree = "<group>";
		};
		28C9C19E2E0240BF00E88144 /* Products */ = {
			isa = PBXGroup;
			children = (
				28C9C19D2E0240BF00E88144 /* SimpleToDo.app */,
				28C9C1AA2E0240C100E88144 /* SimpleToDoTests.xctest */,
				28C9C1B42E0240C100E88144 /* SimpleToDoUITests.xctest */,
			);
			name = Products;
			sourceTree = "<group>";
		};
		28C9C1C72E0240E700E88144 /* New Group */ = {
			isa = PBXGroup;
			children = (
			);
			path = "New Group";
			sourceTree = "<group>";
		};
/* End PBXGroup section */

/* Begin PBXNativeTarget section */
		28C9C19C2E0240BF00E88144 /* SimpleToDo */ = {
			isa = PBXNativeTarget;
			buildConfigurationList = 28C9C1BE2E0240C100E88144 /* Build configuration list for PBXNativeTarget "SimpleToDo" */;
			buildPhases = (
				28C9C1992E0240BF00E88144 /* Sources */,
				28C9C19A2E0240BF00E88144 /* Frameworks */,
				28C9C19B2E0240BF00E88144 /* Resources */,
			);
			buildRules = (
			);
			dependencies = (
			);
			fileSystemSynchronizedGroups = (
				28C9C19F2E0240BF00E88144 /* SimpleToDo */,
			);
			name = SimpleToDo;
			packageProductDependencies = (
			);
			productName = SimpleToDo;
			productReference = 28C9C19D2E0240BF00E88144 /* SimpleToDo.app */;
			productType = "com.apple.product-type.application";
		};
		28C9C1A92E0240C100E88144 /* SimpleToDoTests */ = {
			isa = PBXNativeTarget;
			buildConfigurationList = 28C9C1C12E0240C100E88144 /* Build configuration list for PBXNativeTarget "SimpleToDoTests" */;
			buildPhases = (
				28C9C1A62E0240C100E88144 /* Sources */,
				28C9C1A72E0240C100E88144 /* Frameworks */,
				28C9C1A82E0240C100E88144 /* Resources */,
			);
			buildRules = (
			);
			dependencies = (
				28C9C1AC2E0240C100E88144 /* PBXTargetDependency */,
			);
			fileSystemSynchronizedGroups = (
				28C9C1AD2E0240C100E88144 /* SimpleToDoTests */,
			);
			name = SimpleToDoTests;
			packageProductDependencies = (
			);
			productName = SimpleToDoTests;
			productReference = 28C9C1AA2E0240C100E88144 /* SimpleToDoTests.xctest */;
			productType = "com.apple.product-type.bundle.unit-test";
		};
		28C9C1B32E0240C100E88144 /* SimpleToDoUITests */ = {
			isa = PBXNativeTarget;
			buildConfigurationList = 28C9C1C42E0240C100E88144 /* Build configuration list for PBXNativeTarget "SimpleToDoUITests" */;
			buildPhases = (
				28C9C1B02E0240C100E88144 /* Sources */,
				28C9C1B12E0240C100E88144 /* Frameworks */,
				28C9C1B22E0240C100E88144 /* Resources */,
			);
			buildRules = (
			);
			dependencies = (
				28C9C1B62E0240C100E88144 /* PBXTargetDependency */,
			);
			fileSystemSynchronizedGroups = (
				28C9C1B72E0240C100E88144 /* SimpleToDoUITests */,
			);
			name = SimpleToDoUITests;
			packageProductDependencies = (
			);
			productName = SimpleToDoUITests;
			productReference = 28C9C1B42E0240C100E88144 /* SimpleToDoUITests.xctest */;
			productType = "com.apple.product-type.bundle.ui-testing";
		};
/* End PBXNativeTarget section */

/* Begin PBXProject section */
		28C9C1952E0240BF00E88144 /* Project object */ = {
			isa = PBXProject;
			attributes = {
				BuildIndependentTargetsInParallel = 1;
				LastSwiftUpdateCheck = 1630;
				LastUpgradeCheck = 1630;
				TargetAttributes = {
					28C9C19C2E0240BF00E88144 = {
						CreatedOnToolsVersion = 16.3;
					};
					28C9C1A92E0240C100E88144 = {
						CreatedOnToolsVersion = 16.3;
						TestTargetID = 28C9C19C2E0240BF00E88144;
					};
					28C9C1B32E0240C100E88144 = {
						CreatedOnToolsVersion = 16.3;
						TestTargetID = 28C9C19C2E0240BF00E88144;
					};
				};
			};
			buildConfigurationList = 28C9C1982E0240BF00E88144 /* Build configuration list for PBXProject "SimpleToDo" */;
			developmentRegion = en;
			hasScannedForEncodings = 0;
			knownRegions = (
				en,
				Base,
			);
			mainGroup = 28C9C1942E0240BF00E88144;
			minimizedProjectReferenceProxies = 1;
			preferredProjectObjectVersion = 77;
			productRefGroup = 28C9C19E2E0240BF00E88144 /* Products */;
			projectDirPath = "";
			projectRoot = "";
			targets = (
				28C9C19C2E0240BF00E88144 /* SimpleToDo */,
				28C9C1A92E0240C100E88144 /* SimpleToDoTests */,
				28C9C1B32E0240C100E88144 /* SimpleToDoUITests */,
			);
		};
/* End PBXProject section */

/* Begin PBXResourcesBuildPhase section */
		28C9C19B2E0240BF00E88144 /* Resources */ = {
			isa = PBXResourcesBuildPhase;
			buildActionMask = 2147483647;
			files = (
			);
			runOnlyForDeploymentPostprocessing = 0;
		};
		28C9C1A82E0240C100E88144 /* Resources */ = {
			isa = PBXResourcesBuildPhase;
			buildActionMask = 2147483647;
			files = (
			);
			runOnlyForDeploymentPostprocessing = 0;
		};
		28C9C1B22E0240C100E88144 /* Resources */ = {
			isa = PBXResourcesBuildPhase;
			buildActionMask = 2147483647;
			files = (
			);
			runOnlyForDeploymentPostprocessing = 0;
		};
/* End PBXResourcesBuildPhase section */

/* Begin PBXSourcesBuildPhase section */
		28C9C1992E0240BF00E88144 /* Sources */ = {
			isa = PBXSourcesBuildPhase;
			buildActionMask = 2147483647;
			files = (
			);
			runOnlyForDeploymentPostprocessing = 0;
		};
		28C9C1A62E0240C100E88144 /* Sources */ = {
			isa = PBXSourcesBuildPhase;
			buildActionMask = 2147483647;
			files = (
			);
			runOnlyForDeploymentPostprocessing = 0;
		};
		28C9C1B02E0240C100E88144 /* Sources */ = {
			isa = PBXSourcesBuildPhase;
			buildActionMask = 2147483647;
			files = (
			);
			runOnlyForDeploymentPostprocessing = 0;
		};
/* End PBXSourcesBuildPhase section */

/* Begin PBXTargetDependency section */
		28C9C1AC2E0240C100E88144 /* PBXTargetDependency */ = {
			isa = PBXTargetDependency;
			target = 28C9C19C2E0240BF00E88144 /* SimpleToDo */;
			targetProxy = 28C9C1AB2E0240C100E88144 /* PBXContainerItemProxy */;
		};
		28C9C1B62E0240C100E88144 /* PBXTargetDependency */ = {
			isa = PBXTargetDependency;
			target = 28C9C19C2E0240BF00E88144 /* SimpleToDo */;
			targetProxy = 28C9C1B52E0240C100E88144 /* PBXContainerItemProxy */;
		};
/* End PBXTargetDependency section */

/* Begin XCBuildConfiguration section */
		28C9C1BC2E0240C100E88144 /* Debug */ = {
			isa = XCBuildConfiguration;
			buildSettings = {
				ALWAYS_SEARCH_USER_PATHS = NO;
				ASSETCATALOG_COMPILER_GENERATE_SWIFT_ASSET_SYMBOL_EXTENSIONS = YES;
				CLANG_ANALYZER_NONNULL = YES;
				CLANG_ANALYZER_NUMBER_OBJECT_CONVERSION = YES_AGGRESSIVE;
				CLANG_CXX_LANGUAGE_STANDARD = "gnu++20";
				CLANG_ENABLE_MODULES = YES;
				CLANG_ENABLE_OBJC_ARC = YES;
				CLANG_ENABLE_OBJC_WEAK = YES;
				CLANG_WARN_BLOCK_CAPTURE_AUTORELEASING = YES;
				CLANG_WARN_BOOL_CONVERSION = YES;
				CLANG_WARN_COMMA = YES;
				CLANG_WARN_CONSTANT_CONVERSION = YES;
				CLANG_WARN_DEPRECATED_OBJC_IMPLEMENTATIONS = YES;
				CLANG_WARN_DIRECT_OBJC_ISA_USAGE = YES_ERROR;
				CLANG_WARN_DOCUMENTATION_COMMENTS = YES;
				CLANG_WARN_EMPTY_BODY = YES;
				CLANG_WARN_ENUM_CONVERSION = YES;
				CLANG_WARN_INFINITE_RECURSION = YES;
				CLANG_WARN_INT_CONVERSION = YES;
				CLANG_WARN_NON_LITERAL_NULL_CONVERSION = YES;
				CLANG_WARN_OBJC_IMPLICIT_RETAIN_SELF = YES;
				CLANG_WARN_OBJC_LITERAL_CONVERSION = YES;
				CLANG_WARN_OBJC_ROOT_CLASS = YES_ERROR;
				CLANG_WARN_QUOTED_INCLUDE_IN_FRAMEWORK_HEADER = YES;
				CLANG_WARN_RANGE_LOOP_ANALYSIS = YES;
				CLANG_WARN_STRICT_PROTOTYPES = YES;
				CLANG_WARN_SUSPICIOUS_MOVE = YES;
				CLANG_WARN_UNGUARDED_AVAILABILITY = YES_AGGRESSIVE;
				CLANG_WARN_UNREACHABLE_CODE = YES;
				CLANG_WARN__DUPLICATE_METHOD_MATCH = YES;
				COPY_PHASE_STRIP = NO;
				DEBUG_INFORMATION_FORMAT = dwarf;
				DEVELOPMENT_TEAM = GH6U4Q2H8Y;
				ENABLE_STRICT_OBJC_MSGSEND = YES;
				ENABLE_TESTABILITY = YES;
				ENABLE_USER_SCRIPT_SANDBOXING = YES;
				GCC_C_LANGUAGE_STANDARD = gnu17;
				GCC_DYNAMIC_NO_PIC = NO;
				GCC_NO_COMMON_BLOCKS = YES;
				GCC_OPTIMIZATION_LEVEL = 0;
				GCC_PREPROCESSOR_DEFINITIONS = (
					"DEBUG=1",
					"$(inherited)",
				);
				GCC_WARN_64_TO_32_BIT_CONVERSION = YES;
				GCC_WARN_ABOUT_RETURN_TYPE = YES_ERROR;
				GCC_WARN_UNDECLARED_SELECTOR = YES;
				GCC_WARN_UNINITIALIZED_AUTOS = YES_AGGRESSIVE;
				GCC_WARN_UNUSED_FUNCTION = YES;
				GCC_WARN_UNUSED_VARIABLE = YES;
				IPHONEOS_DEPLOYMENT_TARGET = 18.4;
				LOCALIZATION_PREFERS_STRING_CATALOGS = YES;
				MTL_ENABLE_DEBUG_INFO = INCLUDE_SOURCE;
				MTL_FAST_MATH = YES;
				ONLY_ACTIVE_ARCH = YES;
				SDKROOT = iphoneos;
				SWIFT_ACTIVE_COMPILATION_CONDITIONS = "DEBUG $(inherited)";
				SWIFT_OPTIMIZATION_LEVEL = "-Onone";
			};
			name = Debug;
		};
		28C9C1BD2E0240C100E88144 /* Release */ = {
			isa = XCBuildConfiguration;
			buildSettings = {
				ALWAYS_SEARCH_USER_PATHS = NO;
				ASSETCATALOG_COMPILER_GENERATE_SWIFT_ASSET_SYMBOL_EXTENSIONS = YES;
				CLANG_ANALYZER_NONNULL = YES;
				CLANG_ANALYZER_NUMBER_OBJECT_CONVERSION = YES_AGGRESSIVE;
				CLANG_CXX_LANGUAGE_STANDARD = "gnu++20";
				CLANG_ENABLE_MODULES = YES;
				CLANG_ENABLE_OBJC_ARC = YES;
				CLANG_ENABLE_OBJC_WEAK = YES;
				CLANG_WARN_BLOCK_CAPTURE_AUTORELEASING = YES;
				CLANG_WARN_BOOL_CONVERSION = YES;
				CLANG_WARN_COMMA = YES;
				CLANG_WARN_CONSTANT_CONVERSION = YES;
				CLANG_WARN_DEPRECATED_OBJC_IMPLEMENTATIONS = YES;
				CLANG_WARN_DIRECT_OBJC_ISA_USAGE = YES_ERROR;
				CLANG_WARN_DOCUMENTATION_COMMENTS = YES;
				CLANG_WARN_EMPTY_BODY = YES;
				CLANG_WARN_ENUM_CONVERSION = YES;
				CLANG_WARN_INFINITE_RECURSION = YES;
				CLANG_WARN_INT_CONVERSION = YES;
				CLANG_WARN_NON_LITERAL_NULL_CONVERSION = YES;
				CLANG_WARN_OBJC_IMPLICIT_RETAIN_SELF = YES;
				CLANG_WARN_OBJC_LITERAL_CONVERSION = YES;
				CLANG_WARN_OBJC_ROOT_CLASS = YES_ERROR;
				CLANG_WARN_QUOTED_INCLUDE_IN_FRAMEWORK_HEADER = YES;
				CLANG_WARN_RANGE_LOOP_ANALYSIS = YES;
				CLANG_WARN_STRICT_PROTOTYPES = YES;
				CLANG_WARN_SUSPICIOUS_MOVE = YES;
				CLANG_WARN_UNGUARDED_AVAILABILITY = YES_AGGRESSIVE;
				CLANG_WARN_UNREACHABLE_CODE = YES;
				CLANG_WARN__DUPLICATE_METHOD_MATCH = YES;
				COPY_PHASE_STRIP = NO;
				DEBUG_INFORMATION_FORMAT = "dwarf-with-dsym";
				DEVELOPMENT_TEAM = GH6U4Q2H8Y;
				ENABLE_NS_ASSERTIONS = NO;
				ENABLE_STRICT_OBJC_MSGSEND = YES;
				ENABLE_USER_SCRIPT_SANDBOXING = YES;
				GCC_C_LANGUAGE_STANDARD = gnu17;
				GCC_NO_COMMON_BLOCKS = YES;
				GCC_WARN_64_TO_32_BIT_CONVERSION = YES;
				GCC_WARN_ABOUT_RETURN_TYPE = YES_ERROR;
				GCC_WARN_UNDECLARED_SELECTOR = YES;
				GCC_WARN_UNINITIALIZED_AUTOS = YES_AGGRESSIVE;
				GCC_WARN_UNUSED_FUNCTION = YES;
				GCC_WARN_UNUSED_VARIABLE = YES;
				IPHONEOS_DEPLOYMENT_TARGET = 18.4;
				LOCALIZATION_PREFERS_STRING_CATALOGS = YES;
				MTL_ENABLE_DEBUG_INFO = NO;
				MTL_FAST_MATH = YES;
				SDKROOT = iphoneos;
				SWIFT_COMPILATION_MODE = wholemodule;
				VALIDATE_PRODUCT = YES;
			};
			name = Release;
		};
		28C9C1BF2E0240C100E88144 /* Debug */ = {
			isa = XCBuildConfiguration;
			buildSettings = {
				ASSETCATALOG_COMPILER_APPICON_NAME = AppIcon;
				ASSETCATALOG_COMPILER_GLOBAL_ACCENT_COLOR_NAME = AccentColor;
				CODE_SIGN_STYLE = Automatic;
				CURRENT_PROJECT_VERSION = 1;
				DEVELOPMENT_TEAM = GH6U4Q2H8Y;
				ENABLE_PREVIEWS = YES;
				GENERATE_INFOPLIST_FILE = YES;
				INFOPLIST_KEY_UIApplicationSceneManifest_Generation = YES;
				INFOPLIST_KEY_UIApplicationSupportsIndirectInputEvents = YES;
				INFOPLIST_KEY_UILaunchScreen_Generation = YES;
				INFOPLIST_KEY_UISupportedInterfaceOrientations_iPad = "UIInterfaceOrientationPortrait UIInterfaceOrientationPortraitUpsideDown UIInterfaceOrientationLandscapeLeft UIInterfaceOrientationLandscapeRight";
				INFOPLIST_KEY_UISupportedInterfaceOrientations_iPhone = "UIInterfaceOrientationPortrait UIInterfaceOrientationLandscapeLeft UIInterfaceOrientationLandscapeRight";
				LD_RUNPATH_SEARCH_PATHS = (
					"$(inherited)",
					"@executable_path/Frameworks",
				);
				MARKETING_VERSION = 1.0;
				PRODUCT_BUNDLE_IDENTIFIER = com.julioandherson.SimpleToDo;
				PRODUCT_NAME = "$(TARGET_NAME)";
				SWIFT_EMIT_LOC_STRINGS = YES;
				SWIFT_VERSION = 5.0;
				TARGETED_DEVICE_FAMILY = "1,2";
			};
			name = Debug;
		};
		28C9C1C02E0240C100E88144 /* Release */ = {
			isa = XCBuildConfiguration;
			buildSettings = {
				ASSETCATALOG_COMPILER_APPICON_NAME = AppIcon;
				ASSETCATALOG_COMPILER_GLOBAL_ACCENT_COLOR_NAME = AccentColor;
				CODE_SIGN_STYLE = Automatic;
				CURRENT_PROJECT_VERSION = 1;
				DEVELOPMENT_TEAM = GH6U4Q2H8Y;
				ENABLE_PREVIEWS = YES;
				GENERATE_INFOPLIST_FILE = YES;
				INFOPLIST_KEY_UIApplicationSceneManifest_Generation = YES;
				INFOPLIST_KEY_UIApplicationSupportsIndirectInputEvents = YES;
				INFOPLIST_KEY_UILaunchScreen_Generation = YES;
				INFOPLIST_KEY_UISupportedInterfaceOrientations_iPad = "UIInterfaceOrientationPortrait UIInterfaceOrientationPortraitUpsideDown UIInterfaceOrientationLandscapeLeft UIInterfaceOrientationLandscapeRight";
				INFOPLIST_KEY_UISupportedInterfaceOrientations_iPhone = "UIInterfaceOrientationPortrait UIInterfaceOrientationLandscapeLeft UIInterfaceOrientationLandscapeRight";
				LD_RUNPATH_SEARCH_PATHS = (
					"$(inherited)",
					"@executable_path/Frameworks",
				);
				MARKETING_VERSION = 1.0;
				PRODUCT_BUNDLE_IDENTIFIER = com.julioandherson.SimpleToDo;
				PRODUCT_NAME = "$(TARGET_NAME)";
				SWIFT_EMIT_LOC_STRINGS = YES;
				SWIFT_VERSION = 5.0;
				TARGETED_DEVICE_FAMILY = "1,2";
			};
			name = Release;
		};
		28C9C1C22E0240C100E88144 /* Debug */ = {
			isa = XCBuildConfiguration;
			buildSettings = {
				BUNDLE_LOADER = "$(TEST_HOST)";
				CODE_SIGN_STYLE = Automatic;
				CURRENT_PROJECT_VERSION = 1;
				DEVELOPMENT_TEAM = GH6U4Q2H8Y;
				GENERATE_INFOPLIST_FILE = YES;
				IPHONEOS_DEPLOYMENT_TARGET = 18.4;
				MARKETING_VERSION = 1.0;
				PRODUCT_BUNDLE_IDENTIFIER = com.julioandherson.SimpleToDoTests;
				PRODUCT_NAME = "$(TARGET_NAME)";
				SWIFT_EMIT_LOC_STRINGS = NO;
				SWIFT_VERSION = 5.0;
				TARGETED_DEVICE_FAMILY = "1,2";
				TEST_HOST = "$(BUILT_PRODUCTS_DIR)/SimpleToDo.app/$(BUNDLE_EXECUTABLE_FOLDER_PATH)/SimpleToDo";
			};
			name = Debug;
		};
		28C9C1C32E0240C100E88144 /* Release */ = {
			isa = XCBuildConfiguration;
			buildSettings = {
				BUNDLE_LOADER = "$(TEST_HOST)";
				CODE_SIGN_STYLE = Automatic;
				CURRENT_PROJECT_VERSION = 1;
				DEVELOPMENT_TEAM = GH6U4Q2H8Y;
				GENERATE_INFOPLIST_FILE = YES;
				IPHONEOS_DEPLOYMENT_TARGET = 18.4;
				MARKETING_VERSION = 1.0;
				PRODUCT_BUNDLE_IDENTIFIER = com.julioandherson.SimpleToDoTests;
				PRODUCT_NAME = "$(TARGET_NAME)";
				SWIFT_EMIT_LOC_STRINGS = NO;
				SWIFT_VERSION = 5.0;
				TARGETED_DEVICE_FAMILY = "1,2";
				TEST_HOST = "$(BUILT_PRODUCTS_DIR)/SimpleToDo.app/$(BUNDLE_EXECUTABLE_FOLDER_PATH)/SimpleToDo";
			};
			name = Release;
		};
		28C9C1C52E0240C100E88144 /* Debug */ = {
			isa = XCBuildConfiguration;
			buildSettings = {
				CODE_SIGN_STYLE = Automatic;
				CURRENT_PROJECT_VERSION = 1;
				DEVELOPMENT_TEAM = GH6U4Q2H8Y;
				GENERATE_INFOPLIST_FILE = YES;
				MARKETING_VERSION = 1.0;
				PRODUCT_BUNDLE_IDENTIFIER = com.julioandherson.SimpleToDoUITests;
				PRODUCT_NAME = "$(TARGET_NAME)";
				SWIFT_EMIT_LOC_STRINGS = NO;
				SWIFT_VERSION = 5.0;
				TARGETED_DEVICE_FAMILY = "1,2";
				TEST_TARGET_NAME = SimpleToDo;
			};
			name = Debug;
		};
		28C9C1C62E0240C100E88144 /* Release */ = {
			isa = XCBuildConfiguration;
			buildSettings = {
				CODE_SIGN_STYLE = Automatic;
				CURRENT_PROJECT_VERSION = 1;
				DEVELOPMENT_TEAM = GH6U4Q2H8Y;
				GENERATE_INFOPLIST_FILE = YES;
				MARKETING_VERSION = 1.0;
				PRODUCT_BUNDLE_IDENTIFIER = com.julioandherson.SimpleToDoUITests;
				PRODUCT_NAME = "$(TARGET_NAME)";
				SWIFT_EMIT_LOC_STRINGS = NO;
				SWIFT_VERSION = 5.0;
				TARGETED_DEVICE_FAMILY = "1,2";
				TEST_TARGET_NAME = SimpleToDo;
			};
			name = Release;
		};
/* End XCBuildConfiguration section */

/* Begin XCConfigurationList section */
		28C9C1982E0240BF00E88144 /* Build configuration list for PBXProject "SimpleToDo" */ = {
			isa = XCConfigurationList;
			buildConfigurations = (
				28C9C1BC2E0240C100E88144 /* Debug */,
				28C9C1BD2E0240C100E88144 /* Release */,
			);
			defaultConfigurationIsVisible = 0;
			defaultConfigurationName = Release;
		};
		28C9C1BE2E0240C100E88144 /* Build configuration list for PBXNativeTarget "SimpleToDo" */ = {
			isa = XCConfigurationList;
			buildConfigurations = (
				28C9C1BF2E0240C100E88144 /* Debug */,
				28C9C1C02E0240C100E88144 /* Release */,
			);
			defaultConfigurationIsVisible = 0;
			defaultConfigurationName = Release;
		};
		28C9C1C12E0240C100E88144 /* Build configuration list for PBXNativeTarget "SimpleToDoTests" */ = {
			isa = XCConfigurationList;
			buildConfigurations = (
				28C9C1C22E0240C100E88144 /* Debug */,
				28C9C1C32E0240C100E88144 /* Release */,
			);
			defaultConfigurationIsVisible = 0;
			defaultConfigurationName = Release;
		};
		28C9C1C42E0240C100E88144 /* Build configuration list for PBXNativeTarget "SimpleToDoUITests" */ = {
			isa = XCConfigurationList;
			buildConfigurations = (
				28C9C1C52E0240C100E88144 /* Debug */,
				28C9C1C62E0240C100E88144 /* Release */,
			);
			defaultConfigurationIsVisible = 0;
			defaultConfigurationName = Release;
		};
/* End XCConfigurationList section */
	};
	rootObject = 28C9C1952E0240BF00E88144 /* Project object */;
}
